
Microsoft Visual Studio Solution File, Format Version 12.00
# Visual Studio Version 17
VisualStudioVersion = 17.11.35312.102
MinimumVisualStudioVersion = 10.0.40219.1
Project("{FAE04EC0-301F-11D3-BF4B-00C04F79EFBC}") = "ECRWlanDemo", "ECRWlanDemo.csproj", "{D6C258D3-4D4D-447E-8297-E9861855BDBC}"
EndProject
Global
	GlobalSection(SolutionConfigurationPlatforms) = preSolution
		Debug|Any CPU = Debug|Any CPU
		Release|Any CPU = Release|Any CPU
	EndGlobalSection
	GlobalSection(ProjectConfigurationPlatforms) = postSolution
		{D6C258D3-4D4D-447E-8297-E9861855BDBC}.Debug|Any CPU.ActiveCfg = Debug|Any CPU
		{D6C258D3-4D4D-447E-8297-E9861855BDBC}.Debug|Any CPU.Build.0 = Debug|Any CPU
		{D6C258D3-4D4D-447E-8297-E9861855BDBC}.Release|Any CPU.ActiveCfg = Release|Any CPU
		{D6C258D3-4D4D-447E-8297-E9861855BDBC}.Release|Any CPU.Build.0 = Release|Any CPU
	EndGlobalSection
	GlobalSection(SolutionProperties) = preSolution
		HideSolutionNode = FALSE
	EndGlobalSection
	GlobalSection(ExtensibilityGlobals) = postSolution
		SolutionGuid = {AAD7D41D-3B30-4B2E-8250-2BD1791A3B00}
	EndGlobalSection
EndGlobal
